// !$*UTF8*$!
{
	archiveVersion = 1;
	classes = {
	};
	objectVersion = 55;
	objects = {

/* Begin PBXBuildFile section */
		2A035EBB2811643900E037AC /* CustomMapMarker.swift in Sources */ = {isa = PBXBuildFile; fileRef = 2A035EBA2811643900E037AC /* CustomMapMarker.swift */; };
		2A035EBD2811647E00E037AC /* CustomMapMarkerView.xib in Resources */ = {isa = PBXBuildFile; fileRef = 2A035EBC2811647E00E037AC /* CustomMapMarkerView.xib */; };
		2A035EBF28118D2B00E037AC /* RebelAuthManager.swift in Sources */ = {isa = PBXBuildFile; fileRef = 2A035EBE28118D2A00E037AC /* RebelAuthManager.swift */; };
		2A0A31AB27F327D3000FBAB0 /* DateFormatTests.swift in Sources */ = {isa = PBXBuildFile; fileRef = 2A0A31AA27F327D3000FBAB0 /* DateFormatTests.swift */; };
		2A0A31AD27F334E9000FBAB0 /* ConvertUrlToImageTests.swift in Sources */ = {isa = PBXBuildFile; fileRef = 2A0A31AC27F334E9000FBAB0 /* ConvertUrlToImageTests.swift */; };
		2A0BCC4028291CF600363BEA /* ChooseUserViewController.swift in Sources */ = {isa = PBXBuildFile; fileRef = 2A0BCC3F28291CF600363BEA /* ChooseUserViewController.swift */; };
		2A0BCC4228291D3900363BEA /* IfEmployeeViewController.swift in Sources */ = {isa = PBXBuildFile; fileRef = 2A0BCC4128291D3900363BEA /* IfEmployeeViewController.swift */; };
		2A0BCC4428291D7500363BEA /* CreateUserViewController.swift in Sources */ = {isa = PBXBuildFile; fileRef = 2A0BCC4328291D7500363BEA /* CreateUserViewController.swift */; };
		2A0BCC4628291D8600363BEA /* PersonaliaViewController.swift in Sources */ = {isa = PBXBuildFile; fileRef = 2A0BCC4528291D8600363BEA /* PersonaliaViewController.swift */; };
		2A0BCC4828291D9900363BEA /* AboutCompanyViewController.swift in Sources */ = {isa = PBXBuildFile; fileRef = 2A0BCC4728291D9900363BEA /* AboutCompanyViewController.swift */; };
		2A0BCC4A28291DB400363BEA /* CompletedUserRegistrationViewController.swift in Sources */ = {isa = PBXBuildFile; fileRef = 2A0BCC4928291DB400363BEA /* CompletedUserRegistrationViewController.swift */; };
		2A0BCC4C28291DEF00363BEA /* LogInViewController.swift in Sources */ = {isa = PBXBuildFile; fileRef = 2A0BCC4B28291DEF00363BEA /* LogInViewController.swift */; };
		2A1C614127F1B44700FFD2D4 /* EventDetailsViewController.swift in Sources */ = {isa = PBXBuildFile; fileRef = 2A1C614027F1B44700FFD2D4 /* EventDetailsViewController.swift */; };
		2A1C614527F1FD7800FFD2D4 /* Helpers.swift in Sources */ = {isa = PBXBuildFile; fileRef = 2A1C614427F1FD7800FFD2D4 /* Helpers.swift */; };
		2A20BE3128298F8400D7024A /* Events.storyboard in Resources */ = {isa = PBXBuildFile; fileRef = 2A20BE2F28298F8400D7024A /* Events.storyboard */; };
		2A57C6CF281FF19100FCB7EE /* CoordinatesData.swift in Sources */ = {isa = PBXBuildFile; fileRef = 2A57C6CE281FF19100FCB7EE /* CoordinatesData.swift */; };
		2A57C6D22820082200FCB7EE /* CoordinatesManager.swift in Sources */ = {isa = PBXBuildFile; fileRef = 2A57C6D12820082200FCB7EE /* CoordinatesManager.swift */; };
		2A57C6D62820215800FCB7EE /* FPMeetingRoomViewController.swift in Sources */ = {isa = PBXBuildFile; fileRef = 2A57C6D52820215800FCB7EE /* FPMeetingRoomViewController.swift */; };
		2A57C6D92821344A00FCB7EE /* PhoneFUEL.xcframework in Frameworks */ = {isa = PBXBuildFile; fileRef = 2A54CF5C27FB01A4002487E4 /* PhoneFUEL.xcframework */; };
		2A57C6DC2821345700FCB7EE /* ForkbeardCore.xcframework in Frameworks */ = {isa = PBXBuildFile; fileRef = 2A54CF5F27FB02D6002487E4 /* ForkbeardCore.xcframework */; };
		2A57C6DE2821349D00FCB7EE /* PhoneFUELWayfinding.xcframework in Frameworks */ = {isa = PBXBuildFile; fileRef = 2AD3D6292816A3530008B8D2 /* PhoneFUELWayfinding.xcframework */; };
		2A64A2052823F742002F63C3 /* SecondaryLargeButton.swift in Sources */ = {isa = PBXBuildFile; fileRef = 2A64A2042823F742002F63C3 /* SecondaryLargeButton.swift */; };
		2A64A2072823F772002F63C3 /* StyleAttributes.swift in Sources */ = {isa = PBXBuildFile; fileRef = 2A64A2062823F772002F63C3 /* StyleAttributes.swift */; };
		2A87A517280EA733008672E3 /* FloatingPanelContentViewController.swift in Sources */ = {isa = PBXBuildFile; fileRef = 2A87A516280EA733008672E3 /* FloatingPanelContentViewController.swift */; };
		2A87A519280EFDF2008672E3 /* RebelAuthentication.swift in Sources */ = {isa = PBXBuildFile; fileRef = 2A87A518280EFDF2008672E3 /* RebelAuthentication.swift */; };
		2A9D816C2804599F00DA6B02 /* ForkbeardAuthentication.swift in Sources */ = {isa = PBXBuildFile; fileRef = 2A9D816B2804599F00DA6B02 /* ForkbeardAuthentication.swift */; };
		2A9D816E280459CB00DA6B02 /* OpenIdAuthenticationServiceDelegate.swift in Sources */ = {isa = PBXBuildFile; fileRef = 2A9D816D280459CB00DA6B02 /* OpenIdAuthenticationServiceDelegate.swift */; };
		2AB7647E27E89F8D0084062C /* AppDelegate.swift in Sources */ = {isa = PBXBuildFile; fileRef = 2AB7647D27E89F8D0084062C /* AppDelegate.swift */; };
		2AB7648027E89F8D0084062C /* SceneDelegate.swift in Sources */ = {isa = PBXBuildFile; fileRef = 2AB7647F27E89F8D0084062C /* SceneDelegate.swift */; };
		2AB7648227E89F8D0084062C /* EventsViewController.swift in Sources */ = {isa = PBXBuildFile; fileRef = 2AB7648127E89F8D0084062C /* EventsViewController.swift */; };
		2AB7648527E89F8D0084062C /* Main.storyboard in Resources */ = {isa = PBXBuildFile; fileRef = 2AB7648327E89F8D0084062C /* Main.storyboard */; };
		2AB7648827E89F8D0084062C /* SmartBuilding.xcdatamodeld in Sources */ = {isa = PBXBuildFile; fileRef = 2AB7648627E89F8D0084062C /* SmartBuilding.xcdatamodeld */; };
		2AB7648A27E89F940084062C /* Assets.xcassets in Resources */ = {isa = PBXBuildFile; fileRef = 2AB7648927E89F940084062C /* Assets.xcassets */; };
		2AB7648D27E89F940084062C /* LaunchScreen.storyboard in Resources */ = {isa = PBXBuildFile; fileRef = 2AB7648B27E89F940084062C /* LaunchScreen.storyboard */; };
		2AB7649827E89F940084062C /* SmartBuildingTests.swift in Sources */ = {isa = PBXBuildFile; fileRef = 2AB7649727E89F940084062C /* SmartBuildingTests.swift */; };
		2AB764A227E89F940084062C /* SmartBuildingUITests.swift in Sources */ = {isa = PBXBuildFile; fileRef = 2AB764A127E89F940084062C /* SmartBuildingUITests.swift */; };
		2AB764A427E89F940084062C /* SmartBuildingUITestsLaunchTests.swift in Sources */ = {isa = PBXBuildFile; fileRef = 2AB764A327E89F940084062C /* SmartBuildingUITestsLaunchTests.swift */; };
		2AB764B427E8A32C0084062C /* Constants.swift in Sources */ = {isa = PBXBuildFile; fileRef = 2AB764B327E8A32C0084062C /* Constants.swift */; };
		2AB764B927E8A8110084062C /* EventCellController.swift in Sources */ = {isa = PBXBuildFile; fileRef = 2AB764B727E8A8100084062C /* EventCellController.swift */; };
		2AB764BA27E8A8120084062C /* EventCell.xib in Resources */ = {isa = PBXBuildFile; fileRef = 2AB764B827E8A8100084062C /* EventCell.xib */; };
		2AB764BC27E8B9B90084062C /* EventManager.swift in Sources */ = {isa = PBXBuildFile; fileRef = 2AB764BB27E8B9B90084062C /* EventManager.swift */; };
		2AB764BF27E8C7460084062C /* EventData.swift in Sources */ = {isa = PBXBuildFile; fileRef = 2AB764BE27E8C7460084062C /* EventData.swift */; };
		2AD3D6322816AAD40008B8D2 /* PhoneFUELGoogleMaps.xcframework in Frameworks */ = {isa = PBXBuildFile; fileRef = 2ABC746C27FEF0260064E656 /* PhoneFUELGoogleMaps.xcframework */; };
		2AD3D63928181B6F0008B8D2 /* MeetingRomManager.swift in Sources */ = {isa = PBXBuildFile; fileRef = 2AD3D63828181B6F0008B8D2 /* MeetingRomManager.swift */; };
		8136652027FEDF71001FD732 /* MapViewController.swift in Sources */ = {isa = PBXBuildFile; fileRef = 8136651F27FEDF71001FD732 /* MapViewController.swift */; };
		815228BA282A6240007EEE74 /* AccessCode.storyboard in Resources */ = {isa = PBXBuildFile; fileRef = 815228B8282A6240007EEE74 /* AccessCode.storyboard */; };
		815228BD282A7D5B007EEE74 /* LoginAccessCodeViewController.swift in Sources */ = {isa = PBXBuildFile; fileRef = 815228BC282A7D5B007EEE74 /* LoginAccessCodeViewController.swift */; };
		815228BF282A7E5E007EEE74 /* FindEmployeeViewController.swift in Sources */ = {isa = PBXBuildFile; fileRef = 815228BE282A7E5E007EEE74 /* FindEmployeeViewController.swift */; };
		815228C1282A7F15007EEE74 /* FoundEmployeeViewController.swift in Sources */ = {isa = PBXBuildFile; fileRef = 815228C0282A7F15007EEE74 /* FoundEmployeeViewController.swift */; };
		815228C3282A7F50007EEE74 /* NotifiedEmployeeViewController.swift in Sources */ = {isa = PBXBuildFile; fileRef = 815228C2282A7F50007EEE74 /* NotifiedEmployeeViewController.swift */; };
		815228C5282A7F84007EEE74 /* GenerateCodeViewController.swift in Sources */ = {isa = PBXBuildFile; fileRef = 815228C4282A7F84007EEE74 /* GenerateCodeViewController.swift */; };
		815228C7282A7FAA007EEE74 /* GeneratingCodeViewController.swift in Sources */ = {isa = PBXBuildFile; fileRef = 815228C6282A7FAA007EEE74 /* GeneratingCodeViewController.swift */; };
		815228C9282A7FC2007EEE74 /* GeneratedCodeViewController.swift in Sources */ = {isa = PBXBuildFile; fileRef = 815228C8282A7FC2007EEE74 /* GeneratedCodeViewController.swift */; };
		8163F7E22827F03F0002C60A /* ResturantsManager.swift in Sources */ = {isa = PBXBuildFile; fileRef = 8163F7E12827F03F0002C60A /* ResturantsManager.swift */; };
		8163F7E42827F12F0002C60A /* ResturantsData.swift in Sources */ = {isa = PBXBuildFile; fileRef = 8163F7E32827F12F0002C60A /* ResturantsData.swift */; };
		8163F7E62827FA7D0002C60A /* ResturantsViewController.swift in Sources */ = {isa = PBXBuildFile; fileRef = 8163F7E52827FA7D0002C60A /* ResturantsViewController.swift */; };
		8163F7E9282806090002C60A /* ResturantCellController.swift in Sources */ = {isa = PBXBuildFile; fileRef = 8163F7E7282806090002C60A /* ResturantCellController.swift */; };
		8163F7EA282806090002C60A /* ResturantCell.xib in Resources */ = {isa = PBXBuildFile; fileRef = 8163F7E8282806090002C60A /* ResturantCell.xib */; };
		819835DF2805860A007BB7D7 /* Pods_SmartBuilding.framework in Frameworks */ = {isa = PBXBuildFile; fileRef = F79748D6ED2F637BF5B1BA7C /* Pods_SmartBuilding.framework */; };
		81A1405427FAFB2600A6448D /* CustomLocationManagerDelegate.swift in Sources */ = {isa = PBXBuildFile; fileRef = 81A1405327FAFB2600A6448D /* CustomLocationManagerDelegate.swift */; };
/* End PBXBuildFile section */

/* Begin PBXContainerItemProxy section */
		2AB7649427E89F940084062C /* PBXContainerItemProxy */ = {
			isa = PBXContainerItemProxy;
			containerPortal = 2AB7647227E89F8D0084062C /* Project object */;
			proxyType = 1;
			remoteGlobalIDString = 2AB7647927E89F8D0084062C;
			remoteInfo = SmartBuilding;
		};
		2AB7649E27E89F940084062C /* PBXContainerItemProxy */ = {
			isa = PBXContainerItemProxy;
			containerPortal = 2AB7647227E89F8D0084062C /* Project object */;
			proxyType = 1;
			remoteGlobalIDString = 2AB7647927E89F8D0084062C;
			remoteInfo = SmartBuilding;
		};
/* End PBXContainerItemProxy section */

/* Begin PBXFileReference section */
		2A035EBA2811643900E037AC /* CustomMapMarker.swift */ = {isa = PBXFileReference; lastKnownFileType = sourcecode.swift; path = CustomMapMarker.swift; sourceTree = "<group>"; };
		2A035EBC2811647E00E037AC /* CustomMapMarkerView.xib */ = {isa = PBXFileReference; lastKnownFileType = file.xib; path = CustomMapMarkerView.xib; sourceTree = "<group>"; };
		2A035EBE28118D2A00E037AC /* RebelAuthManager.swift */ = {isa = PBXFileReference; lastKnownFileType = sourcecode.swift; path = RebelAuthManager.swift; sourceTree = "<group>"; };
		2A0A31AA27F327D3000FBAB0 /* DateFormatTests.swift */ = {isa = PBXFileReference; lastKnownFileType = sourcecode.swift; path = DateFormatTests.swift; sourceTree = "<group>"; };
		2A0A31AC27F334E9000FBAB0 /* ConvertUrlToImageTests.swift */ = {isa = PBXFileReference; lastKnownFileType = sourcecode.swift; path = ConvertUrlToImageTests.swift; sourceTree = "<group>"; };
		2A0BCC3F28291CF600363BEA /* ChooseUserViewController.swift */ = {isa = PBXFileReference; lastKnownFileType = sourcecode.swift; path = ChooseUserViewController.swift; sourceTree = "<group>"; };
		2A0BCC4128291D3900363BEA /* IfEmployeeViewController.swift */ = {isa = PBXFileReference; lastKnownFileType = sourcecode.swift; path = IfEmployeeViewController.swift; sourceTree = "<group>"; };
		2A0BCC4328291D7500363BEA /* CreateUserViewController.swift */ = {isa = PBXFileReference; lastKnownFileType = sourcecode.swift; path = CreateUserViewController.swift; sourceTree = "<group>"; };
		2A0BCC4528291D8600363BEA /* PersonaliaViewController.swift */ = {isa = PBXFileReference; lastKnownFileType = sourcecode.swift; path = PersonaliaViewController.swift; sourceTree = "<group>"; };
		2A0BCC4728291D9900363BEA /* AboutCompanyViewController.swift */ = {isa = PBXFileReference; lastKnownFileType = sourcecode.swift; path = AboutCompanyViewController.swift; sourceTree = "<group>"; };
		2A0BCC4928291DB400363BEA /* CompletedUserRegistrationViewController.swift */ = {isa = PBXFileReference; lastKnownFileType = sourcecode.swift; path = CompletedUserRegistrationViewController.swift; sourceTree = "<group>"; };
		2A0BCC4B28291DEF00363BEA /* LogInViewController.swift */ = {isa = PBXFileReference; lastKnownFileType = sourcecode.swift; path = LogInViewController.swift; sourceTree = "<group>"; };
		2A1C614027F1B44700FFD2D4 /* EventDetailsViewController.swift */ = {isa = PBXFileReference; lastKnownFileType = sourcecode.swift; path = EventDetailsViewController.swift; sourceTree = "<group>"; };
		2A1C614427F1FD7800FFD2D4 /* Helpers.swift */ = {isa = PBXFileReference; lastKnownFileType = sourcecode.swift; path = Helpers.swift; sourceTree = "<group>"; };
		2A20BE3028298F8400D7024A /* Base */ = {isa = PBXFileReference; lastKnownFileType = file.storyboard; name = Base; path = Base.lproj/Events.storyboard; sourceTree = "<group>"; };
		2A54CF5C27FB01A4002487E4 /* PhoneFUEL.xcframework */ = {isa = PBXFileReference; lastKnownFileType = wrapper.xcframework; path = PhoneFUEL.xcframework; sourceTree = "<group>"; };
		2A54CF5F27FB02D6002487E4 /* ForkbeardCore.xcframework */ = {isa = PBXFileReference; lastKnownFileType = wrapper.xcframework; path = ForkbeardCore.xcframework; sourceTree = "<group>"; };
		2A57C6CE281FF19100FCB7EE /* CoordinatesData.swift */ = {isa = PBXFileReference; lastKnownFileType = sourcecode.swift; path = CoordinatesData.swift; sourceTree = "<group>"; };
		2A57C6D12820082200FCB7EE /* CoordinatesManager.swift */ = {isa = PBXFileReference; lastKnownFileType = sourcecode.swift; path = CoordinatesManager.swift; sourceTree = "<group>"; };
		2A57C6D52820215800FCB7EE /* FPMeetingRoomViewController.swift */ = {isa = PBXFileReference; lastKnownFileType = sourcecode.swift; path = FPMeetingRoomViewController.swift; sourceTree = "<group>"; };
		2A64A2042823F742002F63C3 /* SecondaryLargeButton.swift */ = {isa = PBXFileReference; lastKnownFileType = sourcecode.swift; path = SecondaryLargeButton.swift; sourceTree = "<group>"; };
		2A64A2062823F772002F63C3 /* StyleAttributes.swift */ = {isa = PBXFileReference; lastKnownFileType = sourcecode.swift; path = StyleAttributes.swift; sourceTree = "<group>"; };
		2A87A516280EA733008672E3 /* FloatingPanelContentViewController.swift */ = {isa = PBXFileReference; lastKnownFileType = sourcecode.swift; path = FloatingPanelContentViewController.swift; sourceTree = "<group>"; };
		2A87A518280EFDF2008672E3 /* RebelAuthentication.swift */ = {isa = PBXFileReference; lastKnownFileType = sourcecode.swift; path = RebelAuthentication.swift; sourceTree = "<group>"; };
		2A9D816B2804599F00DA6B02 /* ForkbeardAuthentication.swift */ = {isa = PBXFileReference; lastKnownFileType = sourcecode.swift; path = ForkbeardAuthentication.swift; sourceTree = "<group>"; };
		2A9D816D280459CB00DA6B02 /* OpenIdAuthenticationServiceDelegate.swift */ = {isa = PBXFileReference; lastKnownFileType = sourcecode.swift; path = OpenIdAuthenticationServiceDelegate.swift; sourceTree = "<group>"; };
		2AB7647A27E89F8D0084062C /* SmartBuilding.app */ = {isa = PBXFileReference; explicitFileType = wrapper.application; includeInIndex = 0; path = SmartBuilding.app; sourceTree = BUILT_PRODUCTS_DIR; };
		2AB7647D27E89F8D0084062C /* AppDelegate.swift */ = {isa = PBXFileReference; lastKnownFileType = sourcecode.swift; path = AppDelegate.swift; sourceTree = "<group>"; };
		2AB7647F27E89F8D0084062C /* SceneDelegate.swift */ = {isa = PBXFileReference; lastKnownFileType = sourcecode.swift; path = SceneDelegate.swift; sourceTree = "<group>"; };
		2AB7648127E89F8D0084062C /* EventsViewController.swift */ = {isa = PBXFileReference; lastKnownFileType = sourcecode.swift; path = EventsViewController.swift; sourceTree = "<group>"; };
		2AB7648427E89F8D0084062C /* Base */ = {isa = PBXFileReference; lastKnownFileType = file.storyboard; name = Base; path = Base.lproj/Main.storyboard; sourceTree = "<group>"; };
		2AB7648727E89F8D0084062C /* SmartBuilding.xcdatamodel */ = {isa = PBXFileReference; lastKnownFileType = wrapper.xcdatamodel; path = SmartBuilding.xcdatamodel; sourceTree = "<group>"; };
		2AB7648927E89F940084062C /* Assets.xcassets */ = {isa = PBXFileReference; lastKnownFileType = folder.assetcatalog; path = Assets.xcassets; sourceTree = "<group>"; };
		2AB7648C27E89F940084062C /* Base */ = {isa = PBXFileReference; lastKnownFileType = file.storyboard; name = Base; path = Base.lproj/LaunchScreen.storyboard; sourceTree = "<group>"; };
		2AB7648E27E89F940084062C /* Info.plist */ = {isa = PBXFileReference; lastKnownFileType = text.plist.xml; path = Info.plist; sourceTree = "<group>"; };
		2AB7649327E89F940084062C /* SmartBuildingTests.xctest */ = {isa = PBXFileReference; explicitFileType = wrapper.cfbundle; includeInIndex = 0; path = SmartBuildingTests.xctest; sourceTree = BUILT_PRODUCTS_DIR; };
		2AB7649727E89F940084062C /* SmartBuildingTests.swift */ = {isa = PBXFileReference; lastKnownFileType = sourcecode.swift; path = SmartBuildingTests.swift; sourceTree = "<group>"; };
		2AB7649D27E89F940084062C /* SmartBuildingUITests.xctest */ = {isa = PBXFileReference; explicitFileType = wrapper.cfbundle; includeInIndex = 0; path = SmartBuildingUITests.xctest; sourceTree = BUILT_PRODUCTS_DIR; };
		2AB764A127E89F940084062C /* SmartBuildingUITests.swift */ = {isa = PBXFileReference; lastKnownFileType = sourcecode.swift; path = SmartBuildingUITests.swift; sourceTree = "<group>"; };
		2AB764A327E89F940084062C /* SmartBuildingUITestsLaunchTests.swift */ = {isa = PBXFileReference; lastKnownFileType = sourcecode.swift; path = SmartBuildingUITestsLaunchTests.swift; sourceTree = "<group>"; };
		2AB764B327E8A32C0084062C /* Constants.swift */ = {isa = PBXFileReference; lastKnownFileType = sourcecode.swift; path = Constants.swift; sourceTree = "<group>"; };
		2AB764B727E8A8100084062C /* EventCellController.swift */ = {isa = PBXFileReference; lastKnownFileType = sourcecode.swift; path = EventCellController.swift; sourceTree = "<group>"; };
		2AB764B827E8A8100084062C /* EventCell.xib */ = {isa = PBXFileReference; lastKnownFileType = file.xib; path = EventCell.xib; sourceTree = "<group>"; };
		2AB764BB27E8B9B90084062C /* EventManager.swift */ = {isa = PBXFileReference; lastKnownFileType = sourcecode.swift; path = EventManager.swift; sourceTree = "<group>"; };
		2AB764BE27E8C7460084062C /* EventData.swift */ = {isa = PBXFileReference; lastKnownFileType = sourcecode.swift; path = EventData.swift; sourceTree = "<group>"; };
		2ABC746C27FEF0260064E656 /* PhoneFUELGoogleMaps.xcframework */ = {isa = PBXFileReference; lastKnownFileType = wrapper.xcframework; path = PhoneFUELGoogleMaps.xcframework; sourceTree = "<group>"; };
		2AD3D6292816A3530008B8D2 /* PhoneFUELWayfinding.xcframework */ = {isa = PBXFileReference; lastKnownFileType = wrapper.xcframework; path = PhoneFUELWayfinding.xcframework; sourceTree = "<group>"; };
		2AD3D63828181B6F0008B8D2 /* MeetingRomManager.swift */ = {isa = PBXFileReference; lastKnownFileType = sourcecode.swift; path = MeetingRomManager.swift; sourceTree = "<group>"; };
		8136651F27FEDF71001FD732 /* MapViewController.swift */ = {isa = PBXFileReference; lastKnownFileType = sourcecode.swift; path = MapViewController.swift; sourceTree = "<group>"; };
		815228B9282A6240007EEE74 /* Base */ = {isa = PBXFileReference; lastKnownFileType = file.storyboard; name = Base; path = Base.lproj/AccessCode.storyboard; sourceTree = "<group>"; };
		815228BC282A7D5B007EEE74 /* LoginAccessCodeViewController.swift */ = {isa = PBXFileReference; lastKnownFileType = sourcecode.swift; path = LoginAccessCodeViewController.swift; sourceTree = "<group>"; };
		815228BE282A7E5E007EEE74 /* FindEmployeeViewController.swift */ = {isa = PBXFileReference; lastKnownFileType = sourcecode.swift; path = FindEmployeeViewController.swift; sourceTree = "<group>"; };
		815228C0282A7F15007EEE74 /* FoundEmployeeViewController.swift */ = {isa = PBXFileReference; lastKnownFileType = sourcecode.swift; path = FoundEmployeeViewController.swift; sourceTree = "<group>"; };
		815228C2282A7F50007EEE74 /* NotifiedEmployeeViewController.swift */ = {isa = PBXFileReference; lastKnownFileType = sourcecode.swift; path = NotifiedEmployeeViewController.swift; sourceTree = "<group>"; };
		815228C4282A7F84007EEE74 /* GenerateCodeViewController.swift */ = {isa = PBXFileReference; lastKnownFileType = sourcecode.swift; path = GenerateCodeViewController.swift; sourceTree = "<group>"; };
		815228C6282A7FAA007EEE74 /* GeneratingCodeViewController.swift */ = {isa = PBXFileReference; lastKnownFileType = sourcecode.swift; path = GeneratingCodeViewController.swift; sourceTree = "<group>"; };
		815228C8282A7FC2007EEE74 /* GeneratedCodeViewController.swift */ = {isa = PBXFileReference; lastKnownFileType = sourcecode.swift; path = GeneratedCodeViewController.swift; sourceTree = "<group>"; };
		8163F7E12827F03F0002C60A /* ResturantsManager.swift */ = {isa = PBXFileReference; lastKnownFileType = sourcecode.swift; path = ResturantsManager.swift; sourceTree = "<group>"; };
		8163F7E32827F12F0002C60A /* ResturantsData.swift */ = {isa = PBXFileReference; lastKnownFileType = sourcecode.swift; path = ResturantsData.swift; sourceTree = "<group>"; };
		8163F7E52827FA7D0002C60A /* ResturantsViewController.swift */ = {isa = PBXFileReference; lastKnownFileType = sourcecode.swift; path = ResturantsViewController.swift; sourceTree = "<group>"; };
		8163F7E7282806090002C60A /* ResturantCellController.swift */ = {isa = PBXFileReference; lastKnownFileType = sourcecode.swift; path = ResturantCellController.swift; sourceTree = "<group>"; };
		8163F7E8282806090002C60A /* ResturantCell.xib */ = {isa = PBXFileReference; lastKnownFileType = file.xib; path = ResturantCell.xib; sourceTree = "<group>"; };
		81A1405327FAFB2600A6448D /* CustomLocationManagerDelegate.swift */ = {isa = PBXFileReference; lastKnownFileType = sourcecode.swift; path = CustomLocationManagerDelegate.swift; sourceTree = "<group>"; };
		DEE8CEFABCAD7BE2E8EBD8F4 /* Pods-SmartBuilding.debug.xcconfig */ = {isa = PBXFileReference; includeInIndex = 1; lastKnownFileType = text.xcconfig; name = "Pods-SmartBuilding.debug.xcconfig"; path = "Target Support Files/Pods-SmartBuilding/Pods-SmartBuilding.debug.xcconfig"; sourceTree = "<group>"; };
		F79748D6ED2F637BF5B1BA7C /* Pods_SmartBuilding.framework */ = {isa = PBXFileReference; explicitFileType = wrapper.framework; includeInIndex = 0; path = Pods_SmartBuilding.framework; sourceTree = BUILT_PRODUCTS_DIR; };
		FF91335F35C030B66A0B9AC8 /* Pods-SmartBuilding.release.xcconfig */ = {isa = PBXFileReference; includeInIndex = 1; lastKnownFileType = text.xcconfig; name = "Pods-SmartBuilding.release.xcconfig"; path = "Target Support Files/Pods-SmartBuilding/Pods-SmartBuilding.release.xcconfig"; sourceTree = "<group>"; };
/* End PBXFileReference section */

/* Begin PBXFrameworksBuildPhase section */
		2AB7647727E89F8D0084062C /* Frameworks */ = {
			isa = PBXFrameworksBuildPhase;
			buildActionMask = 2147483647;
			files = (
				2A57C6D92821344A00FCB7EE /* PhoneFUEL.xcframework in Frameworks */,
				819835DF2805860A007BB7D7 /* Pods_SmartBuilding.framework in Frameworks */,
				2A57C6DC2821345700FCB7EE /* ForkbeardCore.xcframework in Frameworks */,
				2AD3D6322816AAD40008B8D2 /* PhoneFUELGoogleMaps.xcframework in Frameworks */,
				2A57C6DE2821349D00FCB7EE /* PhoneFUELWayfinding.xcframework in Frameworks */,
			);
			runOnlyForDeploymentPostprocessing = 0;
		};
		2AB7649027E89F940084062C /* Frameworks */ = {
			isa = PBXFrameworksBuildPhase;
			buildActionMask = 2147483647;
			files = (
			);
			runOnlyForDeploymentPostprocessing = 0;
		};
		2AB7649A27E89F940084062C /* Frameworks */ = {
			isa = PBXFrameworksBuildPhase;
			buildActionMask = 2147483647;
			files = (
			);
			runOnlyForDeploymentPostprocessing = 0;
		};
/* End PBXFrameworksBuildPhase section */

/* Begin PBXGroup section */
		2A0A31A927F327A4000FBAB0 /* HelpersTests */ = {
			isa = PBXGroup;
			children = (
				2A0A31AA27F327D3000FBAB0 /* DateFormatTests.swift */,
				2A0A31AC27F334E9000FBAB0 /* ConvertUrlToImageTests.swift */,
			);
			path = HelpersTests;
			sourceTree = "<group>";
		};
		2A0BCC3E28291CC500363BEA /* User Registration */ = {
			isa = PBXGroup;
			children = (
				2A0BCC3F28291CF600363BEA /* ChooseUserViewController.swift */,
				2A0BCC4128291D3900363BEA /* IfEmployeeViewController.swift */,
				2A0BCC4328291D7500363BEA /* CreateUserViewController.swift */,
				2A0BCC4528291D8600363BEA /* PersonaliaViewController.swift */,
				2A0BCC4728291D9900363BEA /* AboutCompanyViewController.swift */,
				2A0BCC4928291DB400363BEA /* CompletedUserRegistrationViewController.swift */,
			);
			path = "User Registration";
			sourceTree = "<group>";
		};
		2A57C6D02820080A00FCB7EE /* Coordinates */ = {
			isa = PBXGroup;
			children = (
				2A57C6D12820082200FCB7EE /* CoordinatesManager.swift */,
			);
			path = Coordinates;
			sourceTree = "<group>";
		};
		2A64A2012823F572002F63C3 /* Components */ = {
			isa = PBXGroup;
			children = (
				2A64A2032823F686002F63C3 /* Buttons */,
				2A64A2022823F655002F63C3 /* stylesConstants */,
			);
			path = Components;
			sourceTree = "<group>";
		};
		2A64A2022823F655002F63C3 /* stylesConstants */ = {
			isa = PBXGroup;
			children = (
				2A64A2062823F772002F63C3 /* StyleAttributes.swift */,
			);
			path = stylesConstants;
			sourceTree = "<group>";
		};
		2A64A2032823F686002F63C3 /* Buttons */ = {
			isa = PBXGroup;
			children = (
				2A64A2042823F742002F63C3 /* SecondaryLargeButton.swift */,
			);
			path = Buttons;
			sourceTree = "<group>";
		};
		2A9D816A2804598900DA6B02 /* Authentication */ = {
			isa = PBXGroup;
			children = (
				2A035EBE28118D2A00E037AC /* RebelAuthManager.swift */,
				2A9D816B2804599F00DA6B02 /* ForkbeardAuthentication.swift */,
				2A9D816D280459CB00DA6B02 /* OpenIdAuthenticationServiceDelegate.swift */,
				2A87A518280EFDF2008672E3 /* RebelAuthentication.swift */,
			);
			path = Authentication;
			sourceTree = "<group>";
		};
		2AB7647127E89F8C0084062C = {
			isa = PBXGroup;
			children = (
				2AB7647C27E89F8D0084062C /* SmartBuilding */,
				2AB7649627E89F940084062C /* SmartBuildingTests */,
				2AB764A027E89F940084062C /* SmartBuildingUITests */,
				2AB7647B27E89F8D0084062C /* Products */,
				81A1404E27FAD8CE00A6448D /* Frameworks */,
				9BCE2D64A5B9A4018E172016 /* Pods */,
			);
			sourceTree = "<group>";
		};
		2AB7647B27E89F8D0084062C /* Products */ = {
			isa = PBXGroup;
			children = (
				2AB7647A27E89F8D0084062C /* SmartBuilding.app */,
				2AB7649327E89F940084062C /* SmartBuildingTests.xctest */,
				2AB7649D27E89F940084062C /* SmartBuildingUITests.xctest */,
			);
			name = Products;
			sourceTree = "<group>";
		};
		2AB7647C27E89F8D0084062C /* SmartBuilding */ = {
			isa = PBXGroup;
			children = (
				8163F7D92826D0460002C60A /* Resources */,
				2A64A2012823F572002F63C3 /* Components */,
				2A9D816A2804598900DA6B02 /* Authentication */,
				2AB764B227E8A2F40084062C /* Controllers */,
				2AB764B127E8A2E10084062C /* Views */,
				2AB764B027E8A2D20084062C /* Models */,
				2AB7647D27E89F8D0084062C /* AppDelegate.swift */,
				2AB7647F27E89F8D0084062C /* SceneDelegate.swift */,
				2AB7648927E89F940084062C /* Assets.xcassets */,
				2AB7648B27E89F940084062C /* LaunchScreen.storyboard */,
				2AB7648E27E89F940084062C /* Info.plist */,
				2AB7648627E89F8D0084062C /* SmartBuilding.xcdatamodeld */,
			);
			path = SmartBuilding;
			sourceTree = "<group>";
		};
		2AB7649627E89F940084062C /* SmartBuildingTests */ = {
			isa = PBXGroup;
			children = (
				2A0A31A927F327A4000FBAB0 /* HelpersTests */,
				2AB7649727E89F940084062C /* SmartBuildingTests.swift */,
			);
			path = SmartBuildingTests;
			sourceTree = "<group>";
		};
		2AB764A027E89F940084062C /* SmartBuildingUITests */ = {
			isa = PBXGroup;
			children = (
				2AB764A127E89F940084062C /* SmartBuildingUITests.swift */,
				2AB764A327E89F940084062C /* SmartBuildingUITestsLaunchTests.swift */,
			);
			path = SmartBuildingUITests;
			sourceTree = "<group>";
		};
		2AB764B027E8A2D20084062C /* Models */ = {
			isa = PBXGroup;
			children = (
				8163F7DE2827EF920002C60A /* Resturants */,
				2A57C6D02820080A00FCB7EE /* Coordinates */,
				2AB764B327E8A32C0084062C /* Constants.swift */,
				2A1C614427F1FD7800FFD2D4 /* Helpers.swift */,
				2AB764BD27E8C7180084062C /* Events */,
				81A1405327FAFB2600A6448D /* CustomLocationManagerDelegate.swift */,
			);
			path = Models;
			sourceTree = "<group>";
		};
		2AB764B127E8A2E10084062C /* Views */ = {
			isa = PBXGroup;
			children = (
				815228B8282A6240007EEE74 /* AccessCode.storyboard */,
				2A20BE2F28298F8400D7024A /* Events.storyboard */,
				2AB7648327E89F8D0084062C /* Main.storyboard */,
				2AB764B827E8A8100084062C /* EventCell.xib */,
				2A035EBC2811647E00E037AC /* CustomMapMarkerView.xib */,
				8163F7E8282806090002C60A /* ResturantCell.xib */,
			);
			path = Views;
			sourceTree = "<group>";
		};
		2AB764B227E8A2F40084062C /* Controllers */ = {
			isa = PBXGroup;
			children = (
				815228BB282A7D08007EEE74 /* AccessCode */,
				2A0BCC3E28291CC500363BEA /* User Registration */,
				8163F7E7282806090002C60A /* ResturantCellController.swift */,
				2AB764B727E8A8100084062C /* EventCellController.swift */,
				2AB7648127E89F8D0084062C /* EventsViewController.swift */,
				2A1C614027F1B44700FFD2D4 /* EventDetailsViewController.swift */,
				8136651F27FEDF71001FD732 /* MapViewController.swift */,
				2A87A516280EA733008672E3 /* FloatingPanelContentViewController.swift */,
				2A035EBA2811643900E037AC /* CustomMapMarker.swift */,
				2A57C6D52820215800FCB7EE /* FPMeetingRoomViewController.swift */,
				8163F7E52827FA7D0002C60A /* ResturantsViewController.swift */,
				2A0BCC4B28291DEF00363BEA /* LogInViewController.swift */,
			);
			path = Controllers;
			sourceTree = "<group>";
		};
		2AB764BD27E8C7180084062C /* Events */ = {
			isa = PBXGroup;
			children = (
				2AD3D63728181B3F0008B8D2 /* RebelNetworking */,
				2AB764BB27E8B9B90084062C /* EventManager.swift */,
				2AB764BE27E8C7460084062C /* EventData.swift */,
				2A57C6CE281FF19100FCB7EE /* CoordinatesData.swift */,
			);
			path = Events;
			sourceTree = "<group>";
		};
		2AD3D63728181B3F0008B8D2 /* RebelNetworking */ = {
			isa = PBXGroup;
			children = (
				2AD3D63828181B6F0008B8D2 /* MeetingRomManager.swift */,
			);
			path = RebelNetworking;
			sourceTree = "<group>";
		};
		815228BB282A7D08007EEE74 /* AccessCode */ = {
			isa = PBXGroup;
			children = (
				815228BC282A7D5B007EEE74 /* LoginAccessCodeViewController.swift */,
				815228BE282A7E5E007EEE74 /* FindEmployeeViewController.swift */,
				815228C0282A7F15007EEE74 /* FoundEmployeeViewController.swift */,
				815228C2282A7F50007EEE74 /* NotifiedEmployeeViewController.swift */,
				815228C4282A7F84007EEE74 /* GenerateCodeViewController.swift */,
				815228C6282A7FAA007EEE74 /* GeneratingCodeViewController.swift */,
				815228C8282A7FC2007EEE74 /* GeneratedCodeViewController.swift */,
			);
			path = AccessCode;
			sourceTree = "<group>";
		};
		8163F7D92826D0460002C60A /* Resources */ = {
			isa = PBXGroup;
			children = (
			);
			path = Resources;
			sourceTree = "<group>";
		};
		8163F7DE2827EF920002C60A /* Resturants */ = {
			isa = PBXGroup;
			children = (
				8163F7E12827F03F0002C60A /* ResturantsManager.swift */,
				8163F7E32827F12F0002C60A /* ResturantsData.swift */,
			);
			path = Resturants;
			sourceTree = "<group>";
		};
		81A1404E27FAD8CE00A6448D /* Frameworks */ = {
			isa = PBXGroup;
			children = (
				2AD3D6292816A3530008B8D2 /* PhoneFUELWayfinding.xcframework */,
				2ABC746C27FEF0260064E656 /* PhoneFUELGoogleMaps.xcframework */,
				2A54CF5F27FB02D6002487E4 /* ForkbeardCore.xcframework */,
				2A54CF5C27FB01A4002487E4 /* PhoneFUEL.xcframework */,
				F79748D6ED2F637BF5B1BA7C /* Pods_SmartBuilding.framework */,
			);
			name = Frameworks;
			sourceTree = "<group>";
		};
		9BCE2D64A5B9A4018E172016 /* Pods */ = {
			isa = PBXGroup;
			children = (
				DEE8CEFABCAD7BE2E8EBD8F4 /* Pods-SmartBuilding.debug.xcconfig */,
				FF91335F35C030B66A0B9AC8 /* Pods-SmartBuilding.release.xcconfig */,
			);
			path = Pods;
			sourceTree = "<group>";
		};
/* End PBXGroup section */

/* Begin PBXNativeTarget section */
		2AB7647927E89F8D0084062C /* SmartBuilding */ = {
			isa = PBXNativeTarget;
			buildConfigurationList = 2AB764A727E89F940084062C /* Build configuration list for PBXNativeTarget "SmartBuilding" */;
			buildPhases = (
				E18D9AB9A850A324C14F084C /* [CP] Check Pods Manifest.lock */,
				2AB7647627E89F8D0084062C /* Sources */,
				2AB7647727E89F8D0084062C /* Frameworks */,
				2AB7647827E89F8D0084062C /* Resources */,
				78ADA5CFE113396F5D6F6A5F /* [CP] Embed Pods Frameworks */,
				5A31DB81B556C0FD1A7DAB1F /* [CP] Copy Pods Resources */,
			);
			buildRules = (
			);
			dependencies = (
			);
			name = SmartBuilding;
			productName = SmartBuilding;
			productReference = 2AB7647A27E89F8D0084062C /* SmartBuilding.app */;
			productType = "com.apple.product-type.application";
		};
		2AB7649227E89F940084062C /* SmartBuildingTests */ = {
			isa = PBXNativeTarget;
			buildConfigurationList = 2AB764AA27E89F940084062C /* Build configuration list for PBXNativeTarget "SmartBuildingTests" */;
			buildPhases = (
				2AB7648F27E89F940084062C /* Sources */,
				2AB7649027E89F940084062C /* Frameworks */,
				2AB7649127E89F940084062C /* Resources */,
			);
			buildRules = (
			);
			dependencies = (
				2AB7649527E89F940084062C /* PBXTargetDependency */,
			);
			name = SmartBuildingTests;
			productName = SmartBuildingTests;
			productReference = 2AB7649327E89F940084062C /* SmartBuildingTests.xctest */;
			productType = "com.apple.product-type.bundle.unit-test";
		};
		2AB7649C27E89F940084062C /* SmartBuildingUITests */ = {
			isa = PBXNativeTarget;
			buildConfigurationList = 2AB764AD27E89F940084062C /* Build configuration list for PBXNativeTarget "SmartBuildingUITests" */;
			buildPhases = (
				2AB7649927E89F940084062C /* Sources */,
				2AB7649A27E89F940084062C /* Frameworks */,
				2AB7649B27E89F940084062C /* Resources */,
			);
			buildRules = (
			);
			dependencies = (
				2AB7649F27E89F940084062C /* PBXTargetDependency */,
			);
			name = SmartBuildingUITests;
			productName = SmartBuildingUITests;
			productReference = 2AB7649D27E89F940084062C /* SmartBuildingUITests.xctest */;
			productType = "com.apple.product-type.bundle.ui-testing";
		};
/* End PBXNativeTarget section */

/* Begin PBXProject section */
		2AB7647227E89F8D0084062C /* Project object */ = {
			isa = PBXProject;
			attributes = {
				BuildIndependentTargetsInParallel = 1;
				LastSwiftUpdateCheck = 1330;
				LastUpgradeCheck = 1330;
				TargetAttributes = {
					2AB7647927E89F8D0084062C = {
						CreatedOnToolsVersion = 13.3;
					};
					2AB7649227E89F940084062C = {
						CreatedOnToolsVersion = 13.3;
						TestTargetID = 2AB7647927E89F8D0084062C;
					};
					2AB7649C27E89F940084062C = {
						CreatedOnToolsVersion = 13.3;
					};
				};
			};
			buildConfigurationList = 2AB7647527E89F8D0084062C /* Build configuration list for PBXProject "SmartBuilding" */;
			compatibilityVersion = "Xcode 13.0";
			developmentRegion = en;
			hasScannedForEncodings = 0;
			knownRegions = (
				en,
				Base,
			);
			mainGroup = 2AB7647127E89F8C0084062C;
			productRefGroup = 2AB7647B27E89F8D0084062C /* Products */;
			projectDirPath = "";
			projectRoot = "";
			targets = (
				2AB7647927E89F8D0084062C /* SmartBuilding */,
				2AB7649227E89F940084062C /* SmartBuildingTests */,
				2AB7649C27E89F940084062C /* SmartBuildingUITests */,
			);
		};
/* End PBXProject section */

/* Begin PBXResourcesBuildPhase section */
		2AB7647827E89F8D0084062C /* Resources */ = {
			isa = PBXResourcesBuildPhase;
			buildActionMask = 2147483647;
			files = (
				8163F7EA282806090002C60A /* ResturantCell.xib in Resources */,
				815228BA282A6240007EEE74 /* AccessCode.storyboard in Resources */,
				2AB764BA27E8A8120084062C /* EventCell.xib in Resources */,
				2A20BE3128298F8400D7024A /* Events.storyboard in Resources */,
				2AB7648D27E89F940084062C /* LaunchScreen.storyboard in Resources */,
				2A035EBD2811647E00E037AC /* CustomMapMarkerView.xib in Resources */,
				2AB7648A27E89F940084062C /* Assets.xcassets in Resources */,
				2AB7648527E89F8D0084062C /* Main.storyboard in Resources */,
			);
			runOnlyForDeploymentPostprocessing = 0;
		};
		2AB7649127E89F940084062C /* Resources */ = {
			isa = PBXResourcesBuildPhase;
			buildActionMask = 2147483647;
			files = (
			);
			runOnlyForDeploymentPostprocessing = 0;
		};
		2AB7649B27E89F940084062C /* Resources */ = {
			isa = PBXResourcesBuildPhase;
			buildActionMask = 2147483647;
			files = (
			);
			runOnlyForDeploymentPostprocessing = 0;
		};
/* End PBXResourcesBuildPhase section */

/* Begin PBXShellScriptBuildPhase section */
		5A31DB81B556C0FD1A7DAB1F /* [CP] Copy Pods Resources */ = {
			isa = PBXShellScriptBuildPhase;
			buildActionMask = 2147483647;
			files = (
			);
			inputFileListPaths = (
				"${PODS_ROOT}/Target Support Files/Pods-SmartBuilding/Pods-SmartBuilding-resources-${CONFIGURATION}-input-files.xcfilelist",
			);
			name = "[CP] Copy Pods Resources";
			outputFileListPaths = (
				"${PODS_ROOT}/Target Support Files/Pods-SmartBuilding/Pods-SmartBuilding-resources-${CONFIGURATION}-output-files.xcfilelist",
			);
			runOnlyForDeploymentPostprocessing = 0;
			shellPath = /bin/sh;
			shellScript = "\"${PODS_ROOT}/Target Support Files/Pods-SmartBuilding/Pods-SmartBuilding-resources.sh\"\n";
			showEnvVarsInLog = 0;
		};
		78ADA5CFE113396F5D6F6A5F /* [CP] Embed Pods Frameworks */ = {
			isa = PBXShellScriptBuildPhase;
			buildActionMask = 2147483647;
			files = (
			);
			inputFileListPaths = (
				"${PODS_ROOT}/Target Support Files/Pods-SmartBuilding/Pods-SmartBuilding-frameworks-${CONFIGURATION}-input-files.xcfilelist",
			);
			name = "[CP] Embed Pods Frameworks";
			outputFileListPaths = (
				"${PODS_ROOT}/Target Support Files/Pods-SmartBuilding/Pods-SmartBuilding-frameworks-${CONFIGURATION}-output-files.xcfilelist",
			);
			runOnlyForDeploymentPostprocessing = 0;
			shellPath = /bin/sh;
			shellScript = "\"${PODS_ROOT}/Target Support Files/Pods-SmartBuilding/Pods-SmartBuilding-frameworks.sh\"\n";
			showEnvVarsInLog = 0;
		};
		E18D9AB9A850A324C14F084C /* [CP] Check Pods Manifest.lock */ = {
			isa = PBXShellScriptBuildPhase;
			buildActionMask = 2147483647;
			files = (
			);
			inputFileListPaths = (
			);
			inputPaths = (
				"${PODS_PODFILE_DIR_PATH}/Podfile.lock",
				"${PODS_ROOT}/Manifest.lock",
			);
			name = "[CP] Check Pods Manifest.lock";
			outputFileListPaths = (
			);
			outputPaths = (
				"$(DERIVED_FILE_DIR)/Pods-SmartBuilding-checkManifestLockResult.txt",
			);
			runOnlyForDeploymentPostprocessing = 0;
			shellPath = /bin/sh;
			shellScript = "diff \"${PODS_PODFILE_DIR_PATH}/Podfile.lock\" \"${PODS_ROOT}/Manifest.lock\" > /dev/null\nif [ $? != 0 ] ; then\n    # print error to STDERR\n    echo \"error: The sandbox is not in sync with the Podfile.lock. Run 'pod install' or update your CocoaPods installation.\" >&2\n    exit 1\nfi\n# This output is used by Xcode 'outputs' to avoid re-running this script phase.\necho \"SUCCESS\" > \"${SCRIPT_OUTPUT_FILE_0}\"\n";
			showEnvVarsInLog = 0;
		};
/* End PBXShellScriptBuildPhase section */

/* Begin PBXSourcesBuildPhase section */
		2AB7647627E89F8D0084062C /* Sources */ = {
			isa = PBXSourcesBuildPhase;
			buildActionMask = 2147483647;
			files = (
				815228C5282A7F84007EEE74 /* GenerateCodeViewController.swift in Sources */,
				2A0BCC4828291D9900363BEA /* AboutCompanyViewController.swift in Sources */,
				2AB764B427E8A32C0084062C /* Constants.swift in Sources */,
				8163F7E62827FA7D0002C60A /* ResturantsViewController.swift in Sources */,
				815228BF282A7E5E007EEE74 /* FindEmployeeViewController.swift in Sources */,
				2A0BCC4C28291DEF00363BEA /* LogInViewController.swift in Sources */,
				2A57C6D62820215800FCB7EE /* FPMeetingRoomViewController.swift in Sources */,
				2A0BCC4028291CF600363BEA /* ChooseUserViewController.swift in Sources */,
				8163F7E22827F03F0002C60A /* ResturantsManager.swift in Sources */,
				2AB7648227E89F8D0084062C /* EventsViewController.swift in Sources */,
				815228C7282A7FAA007EEE74 /* GeneratingCodeViewController.swift in Sources */,
				2A0BCC4628291D8600363BEA /* PersonaliaViewController.swift in Sources */,
				815228C3282A7F50007EEE74 /* NotifiedEmployeeViewController.swift in Sources */,
				2AB764BF27E8C7460084062C /* EventData.swift in Sources */,
				2A87A517280EA733008672E3 /* FloatingPanelContentViewController.swift in Sources */,
				815228BD282A7D5B007EEE74 /* LoginAccessCodeViewController.swift in Sources */,
				2A9D816E280459CB00DA6B02 /* OpenIdAuthenticationServiceDelegate.swift in Sources */,
				2A1C614527F1FD7800FFD2D4 /* Helpers.swift in Sources */,
				2A9D816C2804599F00DA6B02 /* ForkbeardAuthentication.swift in Sources */,
				81A1405427FAFB2600A6448D /* CustomLocationManagerDelegate.swift in Sources */,
				2A035EBF28118D2B00E037AC /* RebelAuthManager.swift in Sources */,
				8163F7E9282806090002C60A /* ResturantCellController.swift in Sources */,
				815228C1282A7F15007EEE74 /* FoundEmployeeViewController.swift in Sources */,
				2AB764BC27E8B9B90084062C /* EventManager.swift in Sources */,
				2A64A2052823F742002F63C3 /* SecondaryLargeButton.swift in Sources */,
				2AB7647E27E89F8D0084062C /* AppDelegate.swift in Sources */,
				8136652027FEDF71001FD732 /* MapViewController.swift in Sources */,
				2AB7648027E89F8D0084062C /* SceneDelegate.swift in Sources */,
				2A57C6CF281FF19100FCB7EE /* CoordinatesData.swift in Sources */,
				815228C9282A7FC2007EEE74 /* GeneratedCodeViewController.swift in Sources */,
				2A64A2072823F772002F63C3 /* StyleAttributes.swift in Sources */,
				2A1C614127F1B44700FFD2D4 /* EventDetailsViewController.swift in Sources */,
				2AB7648827E89F8D0084062C /* SmartBuilding.xcdatamodeld in Sources */,
				2AD3D63928181B6F0008B8D2 /* MeetingRomManager.swift in Sources */,
				2A035EBB2811643900E037AC /* CustomMapMarker.swift in Sources */,
				8163F7E42827F12F0002C60A /* ResturantsData.swift in Sources */,
				2A57C6D22820082200FCB7EE /* CoordinatesManager.swift in Sources */,
				2A0BCC4228291D3900363BEA /* IfEmployeeViewController.swift in Sources */,
				2A0BCC4428291D7500363BEA /* CreateUserViewController.swift in Sources */,
				2A87A519280EFDF2008672E3 /* RebelAuthentication.swift in Sources */,
				2A0BCC4A28291DB400363BEA /* CompletedUserRegistrationViewController.swift in Sources */,
				2AB764B927E8A8110084062C /* EventCellController.swift in Sources */,
			);
			runOnlyForDeploymentPostprocessing = 0;
		};
		2AB7648F27E89F940084062C /* Sources */ = {
			isa = PBXSourcesBuildPhase;
			buildActionMask = 2147483647;
			files = (
				2A0A31AB27F327D3000FBAB0 /* DateFormatTests.swift in Sources */,
				2A0A31AD27F334E9000FBAB0 /* ConvertUrlToImageTests.swift in Sources */,
				2AB7649827E89F940084062C /* SmartBuildingTests.swift in Sources */,
			);
			runOnlyForDeploymentPostprocessing = 0;
		};
		2AB7649927E89F940084062C /* Sources */ = {
			isa = PBXSourcesBuildPhase;
			buildActionMask = 2147483647;
			files = (
				2AB764A427E89F940084062C /* SmartBuildingUITestsLaunchTests.swift in Sources */,
				2AB764A227E89F940084062C /* SmartBuildingUITests.swift in Sources */,
			);
			runOnlyForDeploymentPostprocessing = 0;
		};
/* End PBXSourcesBuildPhase section */

/* Begin PBXTargetDependency section */
		2AB7649527E89F940084062C /* PBXTargetDependency */ = {
			isa = PBXTargetDependency;
			target = 2AB7647927E89F8D0084062C /* SmartBuilding */;
			targetProxy = 2AB7649427E89F940084062C /* PBXContainerItemProxy */;
		};
		2AB7649F27E89F940084062C /* PBXTargetDependency */ = {
			isa = PBXTargetDependency;
			target = 2AB7647927E89F8D0084062C /* SmartBuilding */;
			targetProxy = 2AB7649E27E89F940084062C /* PBXContainerItemProxy */;
		};
/* End PBXTargetDependency section */

/* Begin PBXVariantGroup section */
		2A20BE2F28298F8400D7024A /* Events.storyboard */ = {
			isa = PBXVariantGroup;
			children = (
				2A20BE3028298F8400D7024A /* Base */,
			);
			name = Events.storyboard;
			sourceTree = "<group>";
		};
		2AB7648327E89F8D0084062C /* Main.storyboard */ = {
			isa = PBXVariantGroup;
			children = (
				2AB7648427E89F8D0084062C /* Base */,
			);
			name = Main.storyboard;
			sourceTree = "<group>";
		};
		2AB7648B27E89F940084062C /* LaunchScreen.storyboard */ = {
			isa = PBXVariantGroup;
			children = (
				2AB7648C27E89F940084062C /* Base */,
			);
			name = LaunchScreen.storyboard;
			sourceTree = "<group>";
		};
		815228B8282A6240007EEE74 /* AccessCode.storyboard */ = {
			isa = PBXVariantGroup;
			children = (
				815228B9282A6240007EEE74 /* Base */,
			);
			name = AccessCode.storyboard;
			sourceTree = "<group>";
		};
/* End PBXVariantGroup section */

/* Begin XCBuildConfiguration section */
		2AB764A527E89F940084062C /* Debug */ = {
			isa = XCBuildConfiguration;
			buildSettings = {
				ALWAYS_SEARCH_USER_PATHS = NO;
				CLANG_ANALYZER_NONNULL = YES;
				CLANG_ANALYZER_NUMBER_OBJECT_CONVERSION = YES_AGGRESSIVE;
				CLANG_CXX_LANGUAGE_STANDARD = "gnu++17";
				CLANG_ENABLE_MODULES = YES;
				CLANG_ENABLE_OBJC_ARC = YES;
				CLANG_ENABLE_OBJC_WEAK = YES;
				CLANG_WARN_BLOCK_CAPTURE_AUTORELEASING = YES;
				CLANG_WARN_BOOL_CONVERSION = YES;
				CLANG_WARN_COMMA = YES;
				CLANG_WARN_CONSTANT_CONVERSION = YES;
				CLANG_WARN_DEPRECATED_OBJC_IMPLEMENTATIONS = YES;
				CLANG_WARN_DIRECT_OBJC_ISA_USAGE = YES_ERROR;
				CLANG_WARN_DOCUMENTATION_COMMENTS = YES;
				CLANG_WARN_EMPTY_BODY = YES;
				CLANG_WARN_ENUM_CONVERSION = YES;
				CLANG_WARN_INFINITE_RECURSION = YES;
				CLANG_WARN_INT_CONVERSION = YES;
				CLANG_WARN_NON_LITERAL_NULL_CONVERSION = YES;
				CLANG_WARN_OBJC_IMPLICIT_RETAIN_SELF = YES;
				CLANG_WARN_OBJC_LITERAL_CONVERSION = YES;
				CLANG_WARN_OBJC_ROOT_CLASS = YES_ERROR;
				CLANG_WARN_QUOTED_INCLUDE_IN_FRAMEWORK_HEADER = YES;
				CLANG_WARN_RANGE_LOOP_ANALYSIS = YES;
				CLANG_WARN_STRICT_PROTOTYPES = YES;
				CLANG_WARN_SUSPICIOUS_MOVE = YES;
				CLANG_WARN_UNGUARDED_AVAILABILITY = YES_AGGRESSIVE;
				CLANG_WARN_UNREACHABLE_CODE = YES;
				CLANG_WARN__DUPLICATE_METHOD_MATCH = YES;
				COPY_PHASE_STRIP = NO;
				DEBUG_INFORMATION_FORMAT = dwarf;
				ENABLE_STRICT_OBJC_MSGSEND = YES;
				ENABLE_TESTABILITY = YES;
				"EXCLUDED_ARCHS[sdk=iphonesimulator*]" = arm64;
				GCC_C_LANGUAGE_STANDARD = gnu11;
				GCC_DYNAMIC_NO_PIC = NO;
				GCC_NO_COMMON_BLOCKS = YES;
				GCC_OPTIMIZATION_LEVEL = 0;
				GCC_PREPROCESSOR_DEFINITIONS = (
					"DEBUG=1",
					"$(inherited)",
				);
				GCC_WARN_64_TO_32_BIT_CONVERSION = YES;
				GCC_WARN_ABOUT_RETURN_TYPE = YES_ERROR;
				GCC_WARN_UNDECLARED_SELECTOR = YES;
				GCC_WARN_UNINITIALIZED_AUTOS = YES_AGGRESSIVE;
				GCC_WARN_UNUSED_FUNCTION = YES;
				GCC_WARN_UNUSED_VARIABLE = YES;
				IPHONEOS_DEPLOYMENT_TARGET = 15.4;
				MTL_ENABLE_DEBUG_INFO = INCLUDE_SOURCE;
				MTL_FAST_MATH = YES;
				ONLY_ACTIVE_ARCH = YES;
				SDKROOT = iphoneos;
				SWIFT_ACTIVE_COMPILATION_CONDITIONS = DEBUG;
				SWIFT_OPTIMIZATION_LEVEL = "-Onone";
				VALIDATE_WORKSPACE = YES;
			};
			name = Debug;
		};
		2AB764A627E89F940084062C /* Release */ = {
			isa = XCBuildConfiguration;
			buildSettings = {
				ALWAYS_SEARCH_USER_PATHS = NO;
				CLANG_ANALYZER_NONNULL = YES;
				CLANG_ANALYZER_NUMBER_OBJECT_CONVERSION = YES_AGGRESSIVE;
				CLANG_CXX_LANGUAGE_STANDARD = "gnu++17";
				CLANG_ENABLE_MODULES = YES;
				CLANG_ENABLE_OBJC_ARC = YES;
				CLANG_ENABLE_OBJC_WEAK = YES;
				CLANG_WARN_BLOCK_CAPTURE_AUTORELEASING = YES;
				CLANG_WARN_BOOL_CONVERSION = YES;
				CLANG_WARN_COMMA = YES;
				CLANG_WARN_CONSTANT_CONVERSION = YES;
				CLANG_WARN_DEPRECATED_OBJC_IMPLEMENTATIONS = YES;
				CLANG_WARN_DIRECT_OBJC_ISA_USAGE = YES_ERROR;
				CLANG_WARN_DOCUMENTATION_COMMENTS = YES;
				CLANG_WARN_EMPTY_BODY = YES;
				CLANG_WARN_ENUM_CONVERSION = YES;
				CLANG_WARN_INFINITE_RECURSION = YES;
				CLANG_WARN_INT_CONVERSION = YES;
				CLANG_WARN_NON_LITERAL_NULL_CONVERSION = YES;
				CLANG_WARN_OBJC_IMPLICIT_RETAIN_SELF = YES;
				CLANG_WARN_OBJC_LITERAL_CONVERSION = YES;
				CLANG_WARN_OBJC_ROOT_CLASS = YES_ERROR;
				CLANG_WARN_QUOTED_INCLUDE_IN_FRAMEWORK_HEADER = YES;
				CLANG_WARN_RANGE_LOOP_ANALYSIS = YES;
				CLANG_WARN_STRICT_PROTOTYPES = YES;
				CLANG_WARN_SUSPICIOUS_MOVE = YES;
				CLANG_WARN_UNGUARDED_AVAILABILITY = YES_AGGRESSIVE;
				CLANG_WARN_UNREACHABLE_CODE = YES;
				CLANG_WARN__DUPLICATE_METHOD_MATCH = YES;
				COPY_PHASE_STRIP = NO;
				DEBUG_INFORMATION_FORMAT = "dwarf-with-dsym";
				ENABLE_NS_ASSERTIONS = NO;
				ENABLE_STRICT_OBJC_MSGSEND = YES;
				GCC_C_LANGUAGE_STANDARD = gnu11;
				GCC_NO_COMMON_BLOCKS = YES;
				GCC_WARN_64_TO_32_BIT_CONVERSION = YES;
				GCC_WARN_ABOUT_RETURN_TYPE = YES_ERROR;
				GCC_WARN_UNDECLARED_SELECTOR = YES;
				GCC_WARN_UNINITIALIZED_AUTOS = YES_AGGRESSIVE;
				GCC_WARN_UNUSED_FUNCTION = YES;
				GCC_WARN_UNUSED_VARIABLE = YES;
				IPHONEOS_DEPLOYMENT_TARGET = 15.4;
				MTL_ENABLE_DEBUG_INFO = NO;
				MTL_FAST_MATH = YES;
				SDKROOT = iphoneos;
				SWIFT_COMPILATION_MODE = wholemodule;
				SWIFT_OPTIMIZATION_LEVEL = "-O";
				VALIDATE_PRODUCT = YES;
				VALIDATE_WORKSPACE = YES;
			};
			name = Release;
		};
		2AB764A827E89F940084062C /* Debug */ = {
			isa = XCBuildConfiguration;
			baseConfigurationReference = DEE8CEFABCAD7BE2E8EBD8F4 /* Pods-SmartBuilding.debug.xcconfig */;
			buildSettings = {
				ASSETCATALOG_COMPILER_APPICON_NAME = AppIcon;
				ASSETCATALOG_COMPILER_GLOBAL_ACCENT_COLOR_NAME = AccentColor;
				ASSETCATALOG_COMPILER_INCLUDE_ALL_APPICON_ASSETS = NO;
				CODE_SIGN_STYLE = Automatic;
				CURRENT_PROJECT_VERSION = 1;
				DEVELOPMENT_TEAM = 73NCHQP3L2;
				GENERATE_INFOPLIST_FILE = YES;
				INFOPLIST_FILE = SmartBuilding/Info.plist;
				INFOPLIST_KEY_NSBluetoothAlwaysUsageDescription = "Location used for determining coarse location and improved position accuracy.";
				INFOPLIST_KEY_NSLocationAlwaysAndWhenInUseUsageDescription = "Location used for determining coarse location and improved position accuracy.";
				INFOPLIST_KEY_NSLocationAlwaysUsageDescription = "Location used for determining coarse location and improved position accuracy.";
				INFOPLIST_KEY_NSLocationWhenInUseUsageDescription = "Location used for determining coarse location and improved position accuracy.\nLocation used for determining coarse location and improved position accuracy.\nLocation used for determining coarse location and improved position accuracy.\nLocation used for determining coarse location and improved position accuracy.\nLocation used for determining coarse location and improved position accuracy.";
				INFOPLIST_KEY_NSMicrophoneUsageDescription = "Microphone used for ultrasound positioning.";
				INFOPLIST_KEY_UIApplicationSupportsIndirectInputEvents = YES;
				INFOPLIST_KEY_UILaunchStoryboardName = LaunchScreen;
				INFOPLIST_KEY_UIMainStoryboardFile = Main;
				INFOPLIST_KEY_UISupportedInterfaceOrientations_iPad = "UIInterfaceOrientationPortrait UIInterfaceOrientationPortraitUpsideDown UIInterfaceOrientationLandscapeLeft UIInterfaceOrientationLandscapeRight";
				INFOPLIST_KEY_UISupportedInterfaceOrientations_iPhone = "UIInterfaceOrientationPortrait UIInterfaceOrientationLandscapeLeft UIInterfaceOrientationLandscapeRight";
				IPHONEOS_DEPLOYMENT_TARGET = 12.0;
				LD_RUNPATH_SEARCH_PATHS = (
					"$(inherited)",
					"@executable_path/Frameworks",
				);
				MARKETING_VERSION = 1.0;
				ONLY_ACTIVE_ARCH = YES;
				PRODUCT_BUNDLE_IDENTIFIER = no.shortcut.SmartBuilding;
				PRODUCT_NAME = "$(TARGET_NAME)";
				SWIFT_EMIT_LOC_STRINGS = YES;
				SWIFT_VERSION = 5.0;
				TARGETED_DEVICE_FAMILY = "1,2";
			};
			name = Debug;
		};
		2AB764A927E89F940084062C /* Release */ = {
			isa = XCBuildConfiguration;
			baseConfigurationReference = FF91335F35C030B66A0B9AC8 /* Pods-SmartBuilding.release.xcconfig */;
			buildSettings = {
				ASSETCATALOG_COMPILER_APPICON_NAME = AppIcon;
				ASSETCATALOG_COMPILER_GLOBAL_ACCENT_COLOR_NAME = AccentColor;
				ASSETCATALOG_COMPILER_INCLUDE_ALL_APPICON_ASSETS = NO;
				CODE_SIGN_STYLE = Automatic;
				CURRENT_PROJECT_VERSION = 1;
				DEVELOPMENT_TEAM = 73NCHQP3L2;
				GENERATE_INFOPLIST_FILE = YES;
				INFOPLIST_FILE = SmartBuilding/Info.plist;
				INFOPLIST_KEY_NSBluetoothAlwaysUsageDescription = "Location used for determining coarse location and improved position accuracy.";
				INFOPLIST_KEY_NSLocationAlwaysAndWhenInUseUsageDescription = "Location used for determining coarse location and improved position accuracy.";
				INFOPLIST_KEY_NSLocationAlwaysUsageDescription = "Location used for determining coarse location and improved position accuracy.";
				INFOPLIST_KEY_NSLocationWhenInUseUsageDescription = "Location used for determining coarse location and improved position accuracy.\nLocation used for determining coarse location and improved position accuracy.\nLocation used for determining coarse location and improved position accuracy.\nLocation used for determining coarse location and improved position accuracy.\nLocation used for determining coarse location and improved position accuracy.";
				INFOPLIST_KEY_NSMicrophoneUsageDescription = "Microphone used for ultrasound positioning.";
				INFOPLIST_KEY_UIApplicationSupportsIndirectInputEvents = YES;
				INFOPLIST_KEY_UILaunchStoryboardName = LaunchScreen;
				INFOPLIST_KEY_UIMainStoryboardFile = Main;
				INFOPLIST_KEY_UISupportedInterfaceOrientations_iPad = "UIInterfaceOrientationPortrait UIInterfaceOrientationPortraitUpsideDown UIInterfaceOrientationLandscapeLeft UIInterfaceOrientationLandscapeRight";
				INFOPLIST_KEY_UISupportedInterfaceOrientations_iPhone = "UIInterfaceOrientationPortrait UIInterfaceOrientationLandscapeLeft UIInterfaceOrientationLandscapeRight";
				IPHONEOS_DEPLOYMENT_TARGET = 12.0;
				LD_RUNPATH_SEARCH_PATHS = (
					"$(inherited)",
					"@executable_path/Frameworks",
				);
				MARKETING_VERSION = 1.0;
				ONLY_ACTIVE_ARCH = NO;
				PRODUCT_BUNDLE_IDENTIFIER = no.shortcut.SmartBuilding;
				PRODUCT_NAME = "$(TARGET_NAME)";
				SWIFT_EMIT_LOC_STRINGS = YES;
				SWIFT_VERSION = 5.0;
				TARGETED_DEVICE_FAMILY = "1,2";
			};
			name = Release;
		};
		2AB764AB27E89F940084062C /* Debug */ = {
			isa = XCBuildConfiguration;
			buildSettings = {
				ALWAYS_EMBED_SWIFT_STANDARD_LIBRARIES = YES;
				BUNDLE_LOADER = "$(TEST_HOST)";
				"CODE_SIGN_IDENTITY[sdk=macosx*]" = "Apple Development";
				CODE_SIGN_STYLE = Automatic;
				CURRENT_PROJECT_VERSION = 1;
				DEVELOPMENT_TEAM = 978NW4ULQ6;
				GENERATE_INFOPLIST_FILE = YES;
				IPHONEOS_DEPLOYMENT_TARGET = 15.4;
				MARKETING_VERSION = 1.0;
				PRODUCT_BUNDLE_IDENTIFIER = no.kristiania.SmartBuildingTests;
				"PRODUCT_BUNDLE_IDENTIFIER[sdk=macosx*]" = "";
				PRODUCT_NAME = "$(TARGET_NAME)";
				SWIFT_EMIT_LOC_STRINGS = NO;
				SWIFT_VERSION = 5.0;
				TARGETED_DEVICE_FAMILY = "1,2";
				TEST_HOST = "$(BUILT_PRODUCTS_DIR)/SmartBuilding.app/SmartBuilding";
			};
			name = Debug;
		};
		2AB764AC27E89F940084062C /* Release */ = {
			isa = XCBuildConfiguration;
			buildSettings = {
				ALWAYS_EMBED_SWIFT_STANDARD_LIBRARIES = YES;
				BUNDLE_LOADER = "$(TEST_HOST)";
				"CODE_SIGN_IDENTITY[sdk=macosx*]" = "Apple Development";
				CODE_SIGN_STYLE = Automatic;
				CURRENT_PROJECT_VERSION = 1;
				DEVELOPMENT_TEAM = 978NW4ULQ6;
				GENERATE_INFOPLIST_FILE = YES;
				IPHONEOS_DEPLOYMENT_TARGET = 15.4;
				MARKETING_VERSION = 1.0;
				PRODUCT_BUNDLE_IDENTIFIER = no.kristiania.SmartBuildingTests;
				"PRODUCT_BUNDLE_IDENTIFIER[sdk=macosx*]" = "";
				PRODUCT_NAME = "$(TARGET_NAME)";
				SWIFT_EMIT_LOC_STRINGS = NO;
				SWIFT_VERSION = 5.0;
				TARGETED_DEVICE_FAMILY = "1,2";
				TEST_HOST = "$(BUILT_PRODUCTS_DIR)/SmartBuilding.app/SmartBuilding";
			};
			name = Release;
		};
		2AB764AE27E89F940084062C /* Debug */ = {
			isa = XCBuildConfiguration;
			buildSettings = {
				ALWAYS_EMBED_SWIFT_STANDARD_LIBRARIES = YES;
				"CODE_SIGN_IDENTITY[sdk=macosx*]" = "Apple Development";
				CODE_SIGN_STYLE = Automatic;
				CURRENT_PROJECT_VERSION = 1;
				DEVELOPMENT_TEAM = 978NW4ULQ6;
				"EXCLUDED_ARCHS[sdk=iphonesimulator*]" = arm64;
				GENERATE_INFOPLIST_FILE = YES;
				MARKETING_VERSION = 1.0;
				PRODUCT_BUNDLE_IDENTIFIER = no.kristiania.SmartBuildingUITests;
				"PRODUCT_BUNDLE_IDENTIFIER[sdk=macosx*]" = no.shortcut.SmartBuilding;
				PRODUCT_NAME = "$(TARGET_NAME)";
				PROVISIONING_PROFILE = "";
				SWIFT_EMIT_LOC_STRINGS = NO;
				SWIFT_VERSION = 5.0;
				TARGETED_DEVICE_FAMILY = "1,2";
			};
			name = Debug;
		};
		2AB764AF27E89F940084062C /* Release */ = {
			isa = XCBuildConfiguration;
			buildSettings = {
				ALWAYS_EMBED_SWIFT_STANDARD_LIBRARIES = YES;
				CODE_SIGN_IDENTITY = "Apple Development";
				"CODE_SIGN_IDENTITY[sdk=macosx*]" = "Apple Development";
				CODE_SIGN_STYLE = Automatic;
				CURRENT_PROJECT_VERSION = 1;
				DEVELOPMENT_TEAM = 978NW4ULQ6;
				GENERATE_INFOPLIST_FILE = YES;
				MARKETING_VERSION = 1.0;
				PRODUCT_BUNDLE_IDENTIFIER = no.kristiania.SmartBuildingUITests;
				"PRODUCT_BUNDLE_IDENTIFIER[sdk=macosx*]" = no.shortcut.SmartBuilding;
				PRODUCT_NAME = "$(TARGET_NAME)";
				PROVISIONING_PROFILE = "";
				PROVISIONING_PROFILE_SPECIFIER = "";
				"PROVISIONING_PROFILE_SPECIFIER[sdk=macosx*]" = "";
				SWIFT_EMIT_LOC_STRINGS = NO;
				SWIFT_VERSION = 5.0;
				TARGETED_DEVICE_FAMILY = "1,2";
			};
			name = Release;
		};
/* End XCBuildConfiguration section */

/* Begin XCConfigurationList section */
		2AB7647527E89F8D0084062C /* Build configuration list for PBXProject "SmartBuilding" */ = {
			isa = XCConfigurationList;
			buildConfigurations = (
				2AB764A527E89F940084062C /* Debug */,
				2AB764A627E89F940084062C /* Release */,
			);
			defaultConfigurationIsVisible = 0;
			defaultConfigurationName = Release;
		};
		2AB764A727E89F940084062C /* Build configuration list for PBXNativeTarget "SmartBuilding" */ = {
			isa = XCConfigurationList;
			buildConfigurations = (
				2AB764A827E89F940084062C /* Debug */,
				2AB764A927E89F940084062C /* Release */,
			);
			defaultConfigurationIsVisible = 0;
			defaultConfigurationName = Release;
		};
		2AB764AA27E89F940084062C /* Build configuration list for PBXNativeTarget "SmartBuildingTests" */ = {
			isa = XCConfigurationList;
			buildConfigurations = (
				2AB764AB27E89F940084062C /* Debug */,
				2AB764AC27E89F940084062C /* Release */,
			);
			defaultConfigurationIsVisible = 0;
			defaultConfigurationName = Release;
		};
		2AB764AD27E89F940084062C /* Build configuration list for PBXNativeTarget "SmartBuildingUITests" */ = {
			isa = XCConfigurationList;
			buildConfigurations = (
				2AB764AE27E89F940084062C /* Debug */,
				2AB764AF27E89F940084062C /* Release */,
			);
			defaultConfigurationIsVisible = 0;
			defaultConfigurationName = Release;
		};
/* End XCConfigurationList section */

/* Begin XCVersionGroup section */
		2AB7648627E89F8D0084062C /* SmartBuilding.xcdatamodeld */ = {
			isa = XCVersionGroup;
			children = (
				2AB7648727E89F8D0084062C /* SmartBuilding.xcdatamodel */,
			);
			currentVersion = 2AB7648727E89F8D0084062C /* SmartBuilding.xcdatamodel */;
			path = SmartBuilding.xcdatamodeld;
			sourceTree = "<group>";
			versionGroupType = wrapper.xcdatamodel;
		};
/* End XCVersionGroup section */
	};
	rootObject = 2AB7647227E89F8D0084062C /* Project object */;
}
